
Microsoft Visual Studio Solution File, Format Version 12.00
# Visual Studio 14
VisualStudioVersion = 14.0.25123.0
MinimumVisualStudioVersion = 10.0.40219.1
Project("{FAE04EC0-301F-11D3-BF4B-00C04F79EFBC}") = "PriceChecker", "PriceChecker\PriceChecker.csproj", "{4EFBDF1A-76A9-4602-A796-1DF58E9DD50F}"
EndProject
Project("{FAE04EC0-301F-11D3-BF4B-00C04F79EFBC}") = "PriceCheckerTests", "PriceCheckerTests\PriceCheckerTests.csproj", "{D00D044D-A406-4402-A996-D174611A1B1B}"
EndProject
Global
	GlobalSection(SolutionConfigurationPlatforms) = preSolution
		Debug|Any CPU = Debug|Any CPU
		Release|Any CPU = Release|Any CPU
	EndGlobalSection
	GlobalSection(ProjectConfigurationPlatforms) = postSolution
		{4EFBDF1A-76A9-4602-A796-1DF58E9DD50F}.Debug|Any CPU.ActiveCfg = Debug|Any CPU
		{4EFBDF1A-76A9-4602-A796-1DF58E9DD50F}.Debug|Any CPU.Build.0 = Debug|Any CPU
		{4EFBDF1A-76A9-4602-A796-1DF58E9DD50F}.Release|Any CPU.ActiveCfg = Release|Any CPU
		{4EFBDF1A-76A9-4602-A796-1DF58E9DD50F}.Release|Any CPU.Build.0 = Release|Any CPU
		{D00D044D-A406-4402-A996-D174611A1B1B}.Debug|Any CPU.ActiveCfg = Debug|Any CPU
		{D00D044D-A406-4402-A996-D174611A1B1B}.Debug|Any CPU.Build.0 = Debug|Any CPU
		{D00D044D-A406-4402-A996-D174611A1B1B}.Release|Any CPU.ActiveCfg = Release|Any CPU
		{D00D044D-A406-4402-A996-D174611A1B1B}.Release|Any CPU.Build.0 = Release|Any CPU
	EndGlobalSection
	GlobalSection(SolutionProperties) = preSolution
		HideSolutionNode = FALSE
	EndGlobalSection
EndGlobal
